// !$*UTF8*$!
{
	archiveVersion = 1;
	classes = {
	};
	objectVersion = 56;
	objects = {

/* Begin PBXBuildFile section */
		1E9DCA072B725DE400834947 /* AppDelegate.swift in Sources */ = {isa = PBXBuildFile; fileRef = 1E9DCA062B725DE400834947 /* AppDelegate.swift */; };
		1E9DCA092B725DE400834947 /* SceneDelegate.swift in Sources */ = {isa = PBXBuildFile; fileRef = 1E9DCA082B725DE400834947 /* SceneDelegate.swift */; };
		1E9DCA0B2B725DE400834947 /* TabBarController.swift in Sources */ = {isa = PBXBuildFile; fileRef = 1E9DCA0A2B725DE400834947 /* TabBarController.swift */; };
		1E9DCA102B725DE600834947 /* Assets.xcassets in Resources */ = {isa = PBXBuildFile; fileRef = 1E9DCA0F2B725DE600834947 /* Assets.xcassets */; };
		1E9DCA132B725DE600834947 /* LaunchScreen.storyboard in Resources */ = {isa = PBXBuildFile; fileRef = 1E9DCA112B725DE600834947 /* LaunchScreen.storyboard */; };
		1E9DCA202B72610300834947 /* DayPictureViewController.swift in Sources */ = {isa = PBXBuildFile; fileRef = 1E9DCA1F2B72610300834947 /* DayPictureViewController.swift */; };
		1E9DCA222B72613300834947 /* SearchViewController.swift in Sources */ = {isa = PBXBuildFile; fileRef = 1E9DCA212B72613300834947 /* SearchViewController.swift */; };
		1E9DCA262B7268A800834947 /* CustomNavigationController.swift in Sources */ = {isa = PBXBuildFile; fileRef = 1E9DCA252B7268A800834947 /* CustomNavigationController.swift */; };
		1E9DCA282B726E4D00834947 /* DetailViewController.swift in Sources */ = {isa = PBXBuildFile; fileRef = 1E9DCA272B726E4D00834947 /* DetailViewController.swift */; };
		1E9DCA2A2B72720800834947 /* DetailPictureView.swift in Sources */ = {isa = PBXBuildFile; fileRef = 1E9DCA292B72720800834947 /* DetailPictureView.swift */; };
		1E9DCA2D2B72763C00834947 /* UIView - Extension.swift in Sources */ = {isa = PBXBuildFile; fileRef = 1E9DCA2C2B72763C00834947 /* UIView - Extension.swift */; };
		1E9DCA2F2B727F6200834947 /* DetailDescriptionView.swift in Sources */ = {isa = PBXBuildFile; fileRef = 1E9DCA2E2B727F6200834947 /* DetailDescriptionView.swift */; };
		1E9DCA312B7283A800834947 /* UILabel - Extension.swift in Sources */ = {isa = PBXBuildFile; fileRef = 1E9DCA302B7283A800834947 /* UILabel - Extension.swift */; };
		1E9DCA332B72884A00834947 /* TextForTitle.swift in Sources */ = {isa = PBXBuildFile; fileRef = 1E9DCA322B72884A00834947 /* TextForTitle.swift */; };
		1E9DCA362B73445700834947 /* SnapKit in Frameworks */ = {isa = PBXBuildFile; productRef = 1E9DCA352B73445700834947 /* SnapKit */; };
		1E9DCA382B73445700834947 /* SnapKit-Dynamic in Frameworks */ = {isa = PBXBuildFile; productRef = 1E9DCA372B73445700834947 /* SnapKit-Dynamic */; };
		1E9DCA402B73F74000834947 /* SnapKit in Frameworks */ = {isa = PBXBuildFile; productRef = 1E9DCA3F2B73F74000834947 /* SnapKit */; };
		1E9DCA422B73F74000834947 /* SnapKit-Dynamic in Frameworks */ = {isa = PBXBuildFile; productRef = 1E9DCA412B73F74000834947 /* SnapKit-Dynamic */; };
		1E9DCA442B74E64200834947 /* DetailTableView.swift in Sources */ = {isa = PBXBuildFile; fileRef = 1E9DCA432B74E64200834947 /* DetailTableView.swift */; };
		1E9DCA462B74E79100834947 /* DetailTableViewCell.swift in Sources */ = {isa = PBXBuildFile; fileRef = 1E9DCA452B74E79100834947 /* DetailTableViewCell.swift */; };
/* End PBXBuildFile section */

/* Begin PBXFileReference section */
		1E9DCA032B725DE400834947 /* NASA.app */ = {isa = PBXFileReference; explicitFileType = wrapper.application; includeInIndex = 0; path = NASA.app; sourceTree = BUILT_PRODUCTS_DIR; };
		1E9DCA062B725DE400834947 /* AppDelegate.swift */ = {isa = PBXFileReference; lastKnownFileType = sourcecode.swift; path = AppDelegate.swift; sourceTree = "<group>"; };
		1E9DCA082B725DE400834947 /* SceneDelegate.swift */ = {isa = PBXFileReference; lastKnownFileType = sourcecode.swift; path = SceneDelegate.swift; sourceTree = "<group>"; };
		1E9DCA0A2B725DE400834947 /* TabBarController.swift */ = {isa = PBXFileReference; lastKnownFileType = sourcecode.swift; path = TabBarController.swift; sourceTree = "<group>"; };
		1E9DCA0F2B725DE600834947 /* Assets.xcassets */ = {isa = PBXFileReference; lastKnownFileType = folder.assetcatalog; path = Assets.xcassets; sourceTree = "<group>"; };
		1E9DCA122B725DE600834947 /* Base */ = {isa = PBXFileReference; lastKnownFileType = file.storyboard; name = Base; path = Base.lproj/LaunchScreen.storyboard; sourceTree = "<group>"; };
		1E9DCA142B725DE600834947 /* Info.plist */ = {isa = PBXFileReference; lastKnownFileType = text.plist.xml; path = Info.plist; sourceTree = "<group>"; };
		1E9DCA1F2B72610300834947 /* DayPictureViewController.swift */ = {isa = PBXFileReference; lastKnownFileType = sourcecode.swift; path = DayPictureViewController.swift; sourceTree = "<group>"; };
		1E9DCA212B72613300834947 /* SearchViewController.swift */ = {isa = PBXFileReference; lastKnownFileType = sourcecode.swift; path = SearchViewController.swift; sourceTree = "<group>"; };
		1E9DCA252B7268A800834947 /* CustomNavigationController.swift */ = {isa = PBXFileReference; lastKnownFileType = sourcecode.swift; path = CustomNavigationController.swift; sourceTree = "<group>"; };
		1E9DCA272B726E4D00834947 /* DetailViewController.swift */ = {isa = PBXFileReference; lastKnownFileType = sourcecode.swift; path = DetailViewController.swift; sourceTree = "<group>"; };
		1E9DCA292B72720800834947 /* DetailPictureView.swift */ = {isa = PBXFileReference; lastKnownFileType = sourcecode.swift; path = DetailPictureView.swift; sourceTree = "<group>"; };
		1E9DCA2C2B72763C00834947 /* UIView - Extension.swift */ = {isa = PBXFileReference; lastKnownFileType = sourcecode.swift; path = "UIView - Extension.swift"; sourceTree = "<group>"; };
		1E9DCA2E2B727F6200834947 /* DetailDescriptionView.swift */ = {isa = PBXFileReference; lastKnownFileType = sourcecode.swift; path = DetailDescriptionView.swift; sourceTree = "<group>"; };
		1E9DCA302B7283A800834947 /* UILabel - Extension.swift */ = {isa = PBXFileReference; lastKnownFileType = sourcecode.swift; path = "UILabel - Extension.swift"; sourceTree = "<group>"; };
		1E9DCA322B72884A00834947 /* TextForTitle.swift */ = {isa = PBXFileReference; lastKnownFileType = sourcecode.swift; path = TextForTitle.swift; sourceTree = "<group>"; };
		1E9DCA432B74E64200834947 /* DetailTableView.swift */ = {isa = PBXFileReference; lastKnownFileType = sourcecode.swift; path = DetailTableView.swift; sourceTree = "<group>"; };
		1E9DCA452B74E79100834947 /* DetailTableViewCell.swift */ = {isa = PBXFileReference; lastKnownFileType = sourcecode.swift; path = DetailTableViewCell.swift; sourceTree = "<group>"; };
/* End PBXFileReference section */

/* Begin PBXFrameworksBuildPhase section */
		1E9DCA002B725DE400834947 /* Frameworks */ = {
			isa = PBXFrameworksBuildPhase;
			buildActionMask = 2147483647;
			files = (
				1E9DCA402B73F74000834947 /* SnapKit in Frameworks */,
				1E9DCA362B73445700834947 /* SnapKit in Frameworks */,
				1E9DCA382B73445700834947 /* SnapKit-Dynamic in Frameworks */,
				1E9DCA422B73F74000834947 /* SnapKit-Dynamic in Frameworks */,
			);
			runOnlyForDeploymentPostprocessing = 0;
		};
/* End PBXFrameworksBuildPhase section */

/* Begin PBXGroup section */
		1E9DC9FA2B725DE300834947 = {
			isa = PBXGroup;
			children = (
				1E9DCA052B725DE400834947 /* NASA */,
				1E9DCA042B725DE400834947 /* Products */,
			);
			sourceTree = "<group>";
		};
		1E9DCA042B725DE400834947 /* Products */ = {
			isa = PBXGroup;
			children = (
				1E9DCA032B725DE400834947 /* NASA.app */,
			);
			name = Products;
			sourceTree = "<group>";
		};
		1E9DCA052B725DE400834947 /* NASA */ = {
			isa = PBXGroup;
			children = (
				1E9DCA2B2B72762900834947 /* Extensions */,
				1E9DCA1A2B725E0300834947 /* Application */,
				1E9DCA1E2B725EAE00834947 /* Controllers */,
				1E9DCA1C2B725EA000834947 /* Models */,
				1E9DCA1B2B725E1200834947 /* Support */,
				1E9DCA1D2B725EA900834947 /* Views */,
			);
			path = NASA;
			sourceTree = "<group>";
		};
		1E9DCA1A2B725E0300834947 /* Application */ = {
			isa = PBXGroup;
			children = (
				1E9DCA082B725DE400834947 /* SceneDelegate.swift */,
				1E9DCA062B725DE400834947 /* AppDelegate.swift */,
			);
			path = Application;
			sourceTree = "<group>";
		};
		1E9DCA1B2B725E1200834947 /* Support */ = {
			isa = PBXGroup;
			children = (
				1E9DCA0F2B725DE600834947 /* Assets.xcassets */,
				1E9DCA142B725DE600834947 /* Info.plist */,
				1E9DCA112B725DE600834947 /* LaunchScreen.storyboard */,
			);
			path = Support;
			sourceTree = "<group>";
		};
		1E9DCA1C2B725EA000834947 /* Models */ = {
			isa = PBXGroup;
			children = (
				1E9DCA322B72884A00834947 /* TextForTitle.swift */,
			);
			path = Models;
			sourceTree = "<group>";
		};
		1E9DCA1D2B725EA900834947 /* Views */ = {
			isa = PBXGroup;
			children = (
				1E9DCA292B72720800834947 /* DetailPictureView.swift */,
				1E9DCA2E2B727F6200834947 /* DetailDescriptionView.swift */,
				1E9DCA432B74E64200834947 /* DetailTableView.swift */,
				1E9DCA452B74E79100834947 /* DetailTableViewCell.swift */,
			);
			path = Views;
			sourceTree = "<group>";
		};
		1E9DCA1E2B725EAE00834947 /* Controllers */ = {
			isa = PBXGroup;
			children = (
				1E9DCA242B72688D00834947 /* CustomNavigationController */,
				1E9DCA232B72687B00834947 /* TabBarController */,
				1E9DCA1F2B72610300834947 /* DayPictureViewController.swift */,
				1E9DCA212B72613300834947 /* SearchViewController.swift */,
				1E9DCA272B726E4D00834947 /* DetailViewController.swift */,
			);
			path = Controllers;
			sourceTree = "<group>";
		};
		1E9DCA232B72687B00834947 /* TabBarController */ = {
			isa = PBXGroup;
			children = (
				1E9DCA0A2B725DE400834947 /* TabBarController.swift */,
			);
			path = TabBarController;
			sourceTree = "<group>";
		};
		1E9DCA242B72688D00834947 /* CustomNavigationController */ = {
			isa = PBXGroup;
			children = (
				1E9DCA252B7268A800834947 /* CustomNavigationController.swift */,
			);
			path = CustomNavigationController;
			sourceTree = "<group>";
		};
		1E9DCA2B2B72762900834947 /* Extensions */ = {
			isa = PBXGroup;
			children = (
				1E9DCA2C2B72763C00834947 /* UIView - Extension.swift */,
				1E9DCA302B7283A800834947 /* UILabel - Extension.swift */,
			);
			path = Extensions;
			sourceTree = "<group>";
		};
/* End PBXGroup section */

/* Begin PBXNativeTarget section */
		1E9DCA022B725DE400834947 /* NASA */ = {
			isa = PBXNativeTarget;
			buildConfigurationList = 1E9DCA172B725DE600834947 /* Build configuration list for PBXNativeTarget "NASA" */;
			buildPhases = (
				1E9DC9FF2B725DE400834947 /* Sources */,
				1E9DCA002B725DE400834947 /* Frameworks */,
				1E9DCA012B725DE400834947 /* Resources */,
			);
			buildRules = (
			);
			dependencies = (
			);
			name = NASA;
			packageProductDependencies = (
				1E9DCA352B73445700834947 /* SnapKit */,
				1E9DCA372B73445700834947 /* SnapKit-Dynamic */,
				1E9DCA3F2B73F74000834947 /* SnapKit */,
				1E9DCA412B73F74000834947 /* SnapKit-Dynamic */,
			);
			productName = NASA;
			productReference = 1E9DCA032B725DE400834947 /* NASA.app */;
			productType = "com.apple.product-type.application";
		};
/* End PBXNativeTarget section */

/* Begin PBXProject section */
		1E9DC9FB2B725DE300834947 /* Project object */ = {
			isa = PBXProject;
			attributes = {
				BuildIndependentTargetsInParallel = 1;
				LastSwiftUpdateCheck = 1520;
				LastUpgradeCheck = 1520;
				TargetAttributes = {
					1E9DCA022B725DE400834947 = {
						CreatedOnToolsVersion = 15.2;
					};
				};
			};
			buildConfigurationList = 1E9DC9FE2B725DE300834947 /* Build configuration list for PBXProject "NASA" */;
			compatibilityVersion = "Xcode 14.0";
			developmentRegion = en;
			hasScannedForEncodings = 0;
			knownRegions = (
				en,
				Base,
			);
			mainGroup = 1E9DC9FA2B725DE300834947;
			packageReferences = (
				1E9DCA342B73445700834947 /* XCRemoteSwiftPackageReference "SnapKit" */,
			);
			productRefGroup = 1E9DCA042B725DE400834947 /* Products */;
			projectDirPath = "";
			projectRoot = "";
			targets = (
				1E9DCA022B725DE400834947 /* NASA */,
			);
		};
/* End PBXProject section */

/* Begin PBXResourcesBuildPhase section */
		1E9DCA012B725DE400834947 /* Resources */ = {
			isa = PBXResourcesBuildPhase;
			buildActionMask = 2147483647;
			files = (
				1E9DCA132B725DE600834947 /* LaunchScreen.storyboard in Resources */,
				1E9DCA102B725DE600834947 /* Assets.xcassets in Resources */,
			);
			runOnlyForDeploymentPostprocessing = 0;
		};
/* End PBXResourcesBuildPhase section */

/* Begin PBXSourcesBuildPhase section */
		1E9DC9FF2B725DE400834947 /* Sources */ = {
			isa = PBXSourcesBuildPhase;
			buildActionMask = 2147483647;
			files = (
				1E9DCA222B72613300834947 /* SearchViewController.swift in Sources */,
				1E9DCA262B7268A800834947 /* CustomNavigationController.swift in Sources */,
				1E9DCA462B74E79100834947 /* DetailTableViewCell.swift in Sources */,
				1E9DCA0B2B725DE400834947 /* TabBarController.swift in Sources */,
				1E9DCA442B74E64200834947 /* DetailTableView.swift in Sources */,
				1E9DCA332B72884A00834947 /* TextForTitle.swift in Sources */,
				1E9DCA2A2B72720800834947 /* DetailPictureView.swift in Sources */,
				1E9DCA072B725DE400834947 /* AppDelegate.swift in Sources */,
				1E9DCA2D2B72763C00834947 /* UIView - Extension.swift in Sources */,
				1E9DCA2F2B727F6200834947 /* DetailDescriptionView.swift in Sources */,
				1E9DCA202B72610300834947 /* DayPictureViewController.swift in Sources */,
				1E9DCA092B725DE400834947 /* SceneDelegate.swift in Sources */,
				1E9DCA312B7283A800834947 /* UILabel - Extension.swift in Sources */,
				1E9DCA282B726E4D00834947 /* DetailViewController.swift in Sources */,
			);
			runOnlyForDeploymentPostprocessing = 0;
		};
/* End PBXSourcesBuildPhase section */

/* Begin PBXVariantGroup section */
		1E9DCA112B725DE600834947 /* LaunchScreen.storyboard */ = {
			isa = PBXVariantGroup;
			children = (
				1E9DCA122B725DE600834947 /* Base */,
			);
			name = LaunchScreen.storyboard;
			sourceTree = "<group>";
		};
/* End PBXVariantGroup section */

/* Begin XCBuildConfiguration section */
		1E9DCA152B725DE600834947 /* Debug */ = {
			isa = XCBuildConfiguration;
			buildSettings = {
				ALWAYS_SEARCH_USER_PATHS = NO;
				ASSETCATALOG_COMPILER_GENERATE_SWIFT_ASSET_SYMBOL_EXTENSIONS = YES;
				CLANG_ANALYZER_NONNULL = YES;
				CLANG_ANALYZER_NUMBER_OBJECT_CONVERSION = YES_AGGRESSIVE;
				CLANG_CXX_LANGUAGE_STANDARD = "gnu++20";
				CLANG_ENABLE_MODULES = YES;
				CLANG_ENABLE_OBJC_ARC = YES;
				CLANG_ENABLE_OBJC_WEAK = YES;
				CLANG_WARN_BLOCK_CAPTURE_AUTORELEASING = YES;
				CLANG_WARN_BOOL_CONVERSION = YES;
				CLANG_WARN_COMMA = YES;
				CLANG_WARN_CONSTANT_CONVERSION = YES;
				CLANG_WARN_DEPRECATED_OBJC_IMPLEMENTATIONS = YES;
				CLANG_WARN_DIRECT_OBJC_ISA_USAGE = YES_ERROR;
				CLANG_WARN_DOCUMENTATION_COMMENTS = YES;
				CLANG_WARN_EMPTY_BODY = YES;
				CLANG_WARN_ENUM_CONVERSION = YES;
				CLANG_WARN_INFINITE_RECURSION = YES;
				CLANG_WARN_INT_CONVERSION = YES;
				CLANG_WARN_NON_LITERAL_NULL_CONVERSION = YES;
				CLANG_WARN_OBJC_IMPLICIT_RETAIN_SELF = YES;
				CLANG_WARN_OBJC_LITERAL_CONVERSION = YES;
				CLANG_WARN_OBJC_ROOT_CLASS = YES_ERROR;
				CLANG_WARN_QUOTED_INCLUDE_IN_FRAMEWORK_HEADER = YES;
				CLANG_WARN_RANGE_LOOP_ANALYSIS = YES;
				CLANG_WARN_STRICT_PROTOTYPES = YES;
				CLANG_WARN_SUSPICIOUS_MOVE = YES;
				CLANG_WARN_UNGUARDED_AVAILABILITY = YES_AGGRESSIVE;
				CLANG_WARN_UNREACHABLE_CODE = YES;
				CLANG_WARN__DUPLICATE_METHOD_MATCH = YES;
				COPY_PHASE_STRIP = NO;
				DEBUG_INFORMATION_FORMAT = dwarf;
				ENABLE_STRICT_OBJC_MSGSEND = YES;
				ENABLE_TESTABILITY = YES;
				ENABLE_USER_SCRIPT_SANDBOXING = YES;
				GCC_C_LANGUAGE_STANDARD = gnu17;
				GCC_DYNAMIC_NO_PIC = NO;
				GCC_NO_COMMON_BLOCKS = YES;
				GCC_OPTIMIZATION_LEVEL = 0;
				GCC_PREPROCESSOR_DEFINITIONS = (
					"DEBUG=1",
					"$(inherited)",
				);
				GCC_WARN_64_TO_32_BIT_CONVERSION = YES;
				GCC_WARN_ABOUT_RETURN_TYPE = YES_ERROR;
				GCC_WARN_UNDECLARED_SELECTOR = YES;
				GCC_WARN_UNINITIALIZED_AUTOS = YES_AGGRESSIVE;
				GCC_WARN_UNUSED_FUNCTION = YES;
				GCC_WARN_UNUSED_VARIABLE = YES;
				IPHONEOS_DEPLOYMENT_TARGET = 17.2;
				LOCALIZATION_PREFERS_STRING_CATALOGS = YES;
				MTL_ENABLE_DEBUG_INFO = INCLUDE_SOURCE;
				MTL_FAST_MATH = YES;
				ONLY_ACTIVE_ARCH = YES;
				SDKROOT = iphoneos;
				SWIFT_ACTIVE_COMPILATION_CONDITIONS = "DEBUG $(inherited)";
				SWIFT_OPTIMIZATION_LEVEL = "-Onone";
			};
			name = Debug;
		};
		1E9DCA162B725DE600834947 /* Release */ = {
			isa = XCBuildConfiguration;
			buildSettings = {
				ALWAYS_SEARCH_USER_PATHS = NO;
				ASSETCATALOG_COMPILER_GENERATE_SWIFT_ASSET_SYMBOL_EXTENSIONS = YES;
				CLANG_ANALYZER_NONNULL = YES;
				CLANG_ANALYZER_NUMBER_OBJECT_CONVERSION = YES_AGGRESSIVE;
				CLANG_CXX_LANGUAGE_STANDARD = "gnu++20";
				CLANG_ENABLE_MODULES = YES;
				CLANG_ENABLE_OBJC_ARC = YES;
				CLANG_ENABLE_OBJC_WEAK = YES;
				CLANG_WARN_BLOCK_CAPTURE_AUTORELEASING = YES;
				CLANG_WARN_BOOL_CONVERSION = YES;
				CLANG_WARN_COMMA = YES;
				CLANG_WARN_CONSTANT_CONVERSION = YES;
				CLANG_WARN_DEPRECATED_OBJC_IMPLEMENTATIONS = YES;
				CLANG_WARN_DIRECT_OBJC_ISA_USAGE = YES_ERROR;
				CLANG_WARN_DOCUMENTATION_COMMENTS = YES;
				CLANG_WARN_EMPTY_BODY = YES;
				CLANG_WARN_ENUM_CONVERSION = YES;
				CLANG_WARN_INFINITE_RECURSION = YES;
				CLANG_WARN_INT_CONVERSION = YES;
				CLANG_WARN_NON_LITERAL_NULL_CONVERSION = YES;
				CLANG_WARN_OBJC_IMPLICIT_RETAIN_SELF = YES;
				CLANG_WARN_OBJC_LITERAL_CONVERSION = YES;
				CLANG_WARN_OBJC_ROOT_CLASS = YES_ERROR;
				CLANG_WARN_QUOTED_INCLUDE_IN_FRAMEWORK_HEADER = YES;
				CLANG_WARN_RANGE_LOOP_ANALYSIS = YES;
				CLANG_WARN_STRICT_PROTOTYPES = YES;
				CLANG_WARN_SUSPICIOUS_MOVE = YES;
				CLANG_WARN_UNGUARDED_AVAILABILITY = YES_AGGRESSIVE;
				CLANG_WARN_UNREACHABLE_CODE = YES;
				CLANG_WARN__DUPLICATE_METHOD_MATCH = YES;
				COPY_PHASE_STRIP = NO;
				DEBUG_INFORMATION_FORMAT = "dwarf-with-dsym";
				ENABLE_NS_ASSERTIONS = NO;
				ENABLE_STRICT_OBJC_MSGSEND = YES;
				ENABLE_USER_SCRIPT_SANDBOXING = YES;
				GCC_C_LANGUAGE_STANDARD = gnu17;
				GCC_NO_COMMON_BLOCKS = YES;
				GCC_WARN_64_TO_32_BIT_CONVERSION = YES;
				GCC_WARN_ABOUT_RETURN_TYPE = YES_ERROR;
				GCC_WARN_UNDECLARED_SELECTOR = YES;
				GCC_WARN_UNINITIALIZED_AUTOS = YES_AGGRESSIVE;
				GCC_WARN_UNUSED_FUNCTION = YES;
				GCC_WARN_UNUSED_VARIABLE = YES;
				IPHONEOS_DEPLOYMENT_TARGET = 17.2;
				LOCALIZATION_PREFERS_STRING_CATALOGS = YES;
				MTL_ENABLE_DEBUG_INFO = NO;
				MTL_FAST_MATH = YES;
				SDKROOT = iphoneos;
				SWIFT_COMPILATION_MODE = wholemodule;
				VALIDATE_PRODUCT = YES;
			};
			name = Release;
		};
		1E9DCA182B725DE600834947 /* Debug */ = {
			isa = XCBuildConfiguration;
			buildSettings = {
				ASSETCATALOG_COMPILER_APPICON_NAME = AppIcon;
				ASSETCATALOG_COMPILER_GLOBAL_ACCENT_COLOR_NAME = AccentColor;
				CODE_SIGN_STYLE = Automatic;
				CURRENT_PROJECT_VERSION = 1;
				DEVELOPMENT_TEAM = 4HU57HU93W;
				GENERATE_INFOPLIST_FILE = YES;
				INFOPLIST_FILE = NASA/Support/Info.plist;
				INFOPLIST_KEY_UIApplicationSupportsIndirectInputEvents = YES;
				INFOPLIST_KEY_UILaunchStoryboardName = "";
				INFOPLIST_KEY_UISupportedInterfaceOrientations = UIInterfaceOrientationPortrait;
				INFOPLIST_KEY_UISupportedInterfaceOrientations_iPad = "UIInterfaceOrientationLandscapeLeft UIInterfaceOrientationLandscapeRight UIInterfaceOrientationPortrait UIInterfaceOrientationPortraitUpsideDown";
				LD_RUNPATH_SEARCH_PATHS = (
					"$(inherited)",
					"@executable_path/Frameworks",
				);
				MARKETING_VERSION = 1.0;
				PRODUCT_BUNDLE_IDENTIFIER = app.NS.NASA.NASA;
				PRODUCT_NAME = "$(TARGET_NAME)";
				SUPPORTED_PLATFORMS = "iphoneos iphonesimulator";
				SUPPORTS_MACCATALYST = NO;
				SUPPORTS_MAC_DESIGNED_FOR_IPHONE_IPAD = NO;
				SUPPORTS_XR_DESIGNED_FOR_IPHONE_IPAD = NO;
				SWIFT_EMIT_LOC_STRINGS = YES;
				SWIFT_VERSION = 5.0;
				TARGETED_DEVICE_FAMILY = 1;
			};
			name = Debug;
		};
		1E9DCA192B725DE600834947 /* Release */ = {
			isa = XCBuildConfiguration;
			buildSettings = {
				ASSETCATALOG_COMPILER_APPICON_NAME = AppIcon;
				ASSETCATALOG_COMPILER_GLOBAL_ACCENT_COLOR_NAME = AccentColor;
				CODE_SIGN_STYLE = Automatic;
				CURRENT_PROJECT_VERSION = 1;
				DEVELOPMENT_TEAM = 4HU57HU93W;
				GENERATE_INFOPLIST_FILE = YES;
				INFOPLIST_FILE = NASA/Support/Info.plist;
				INFOPLIST_KEY_UIApplicationSupportsIndirectInputEvents = YES;
				INFOPLIST_KEY_UILaunchStoryboardName = "";
				INFOPLIST_KEY_UISupportedInterfaceOrientations = UIInterfaceOrientationPortrait;
				INFOPLIST_KEY_UISupportedInterfaceOrientations_iPad = "UIInterfaceOrientationLandscapeLeft UIInterfaceOrientationLandscapeRight UIInterfaceOrientationPortrait UIInterfaceOrientationPortraitUpsideDown";
				LD_RUNPATH_SEARCH_PATHS = (
					"$(inherited)",
					"@executable_path/Frameworks",
				);
				MARKETING_VERSION = 1.0;
				PRODUCT_BUNDLE_IDENTIFIER = app.NS.NASA.NASA;
				PRODUCT_NAME = "$(TARGET_NAME)";
				SUPPORTED_PLATFORMS = "iphoneos iphonesimulator";
				SUPPORTS_MACCATALYST = NO;
				SUPPORTS_MAC_DESIGNED_FOR_IPHONE_IPAD = NO;
				SUPPORTS_XR_DESIGNED_FOR_IPHONE_IPAD = NO;
				SWIFT_EMIT_LOC_STRINGS = YES;
				SWIFT_VERSION = 5.0;
				TARGETED_DEVICE_FAMILY = 1;
			};
			name = Release;
		};
/* End XCBuildConfiguration section */

/* Begin XCConfigurationList section */
		1E9DC9FE2B725DE300834947 /* Build configuration list for PBXProject "NASA" */ = {
			isa = XCConfigurationList;
			buildConfigurations = (
				1E9DCA152B725DE600834947 /* Debug */,
				1E9DCA162B725DE600834947 /* Release */,
			);
			defaultConfigurationIsVisible = 0;
			defaultConfigurationName = Release;
		};
		1E9DCA172B725DE600834947 /* Build configuration list for PBXNativeTarget "NASA" */ = {
			isa = XCConfigurationList;
			buildConfigurations = (
				1E9DCA182B725DE600834947 /* Debug */,
				1E9DCA192B725DE600834947 /* Release */,
			);
			defaultConfigurationIsVisible = 0;
			defaultConfigurationName = Release;
		};
/* End XCConfigurationList section */

/* Begin XCRemoteSwiftPackageReference section */
		1E9DCA342B73445700834947 /* XCRemoteSwiftPackageReference "SnapKit" */ = {
			isa = XCRemoteSwiftPackageReference;
			repositoryURL = "https://github.com/SnapKit/SnapKit";
			requirement = {
				kind = upToNextMajorVersion;
				minimumVersion = 5.7.0;
			};
		};
/* End XCRemoteSwiftPackageReference section */

/* Begin XCSwiftPackageProductDependency section */
		1E9DCA352B73445700834947 /* SnapKit */ = {
			isa = XCSwiftPackageProductDependency;
			package = 1E9DCA342B73445700834947 /* XCRemoteSwiftPackageReference "SnapKit" */;
			productName = SnapKit;
		};
		1E9DCA372B73445700834947 /* SnapKit-Dynamic */ = {
			isa = XCSwiftPackageProductDependency;
			package = 1E9DCA342B73445700834947 /* XCRemoteSwiftPackageReference "SnapKit" */;
			productName = "SnapKit-Dynamic";
		};
		1E9DCA3F2B73F74000834947 /* SnapKit */ = {
			isa = XCSwiftPackageProductDependency;
			package = 1E9DCA342B73445700834947 /* XCRemoteSwiftPackageReference "SnapKit" */;
			productName = SnapKit;
		};
		1E9DCA412B73F74000834947 /* SnapKit-Dynamic */ = {
			isa = XCSwiftPackageProductDependency;
			package = 1E9DCA342B73445700834947 /* XCRemoteSwiftPackageReference "SnapKit" */;
			productName = "SnapKit-Dynamic";
		};
/* End XCSwiftPackageProductDependency section */
	};
	rootObject = 1E9DC9FB2B725DE300834947 /* Project object */;
}
